// !$*UTF8*$!
{
	archiveVersion = 1;
	classes = {
	};
	objectVersion = 46;
	objects = {

/* Begin PBXBuildFile section */
		3A88FF351B183A07008D73C1 /* main.m in Sources */ = {isa = PBXBuildFile; fileRef = 3A88FF341B183A07008D73C1 /* main.m */; };
		3A88FF381B183A07008D73C1 /* AppDelegate.m in Sources */ = {isa = PBXBuildFile; fileRef = 3A88FF371B183A07008D73C1 /* AppDelegate.m */; };
		3A88FF3B1B183A07008D73C1 /* GoogleBlogsReader.xcdatamodeld in Sources */ = {isa = PBXBuildFile; fileRef = 3A88FF391B183A07008D73C1 /* GoogleBlogsReader.xcdatamodeld */; };
		3A88FF3E1B183A07008D73C1 /* MasterViewController.m in Sources */ = {isa = PBXBuildFile; fileRef = 3A88FF3D1B183A07008D73C1 /* MasterViewController.m */; };
		3A88FF411B183A07008D73C1 /* DetailViewController.m in Sources */ = {isa = PBXBuildFile; fileRef = 3A88FF401B183A07008D73C1 /* DetailViewController.m */; };
		3A88FF441B183A07008D73C1 /* Main.storyboard in Resources */ = {isa = PBXBuildFile; fileRef = 3A88FF421B183A07008D73C1 /* Main.storyboard */; };
		3A88FF461B183A07008D73C1 /* Images.xcassets in Resources */ = {isa = PBXBuildFile; fileRef = 3A88FF451B183A07008D73C1 /* Images.xcassets */; };
		3A88FF491B183A07008D73C1 /* LaunchScreen.xib in Resources */ = {isa = PBXBuildFile; fileRef = 3A88FF471B183A07008D73C1 /* LaunchScreen.xib */; };
		3A88FF601B183DBD008D73C1 /* NetworkManager.m in Sources */ = {isa = PBXBuildFile; fileRef = 3A88FF5F1B183DBD008D73C1 /* NetworkManager.m */; };
		3A88FF621B1841F1008D73C1 /* NetworkManagerTests.m in Sources */ = {isa = PBXBuildFile; fileRef = 3A88FF611B1841F1008D73C1 /* NetworkManagerTests.m */; };
		93EFAAE079029457CD4C4551 /* libPods.a in Frameworks */ = {isa = PBXBuildFile; fileRef = A9DEAA182C494A302303CD81 /* libPods.a */; };
/* End PBXBuildFile section */

/* Begin PBXContainerItemProxy section */
		3A88FF4F1B183A07008D73C1 /* PBXContainerItemProxy */ = {
			isa = PBXContainerItemProxy;
			containerPortal = 3A88FF271B183A07008D73C1 /* Project object */;
			proxyType = 1;
			remoteGlobalIDString = 3A88FF2E1B183A07008D73C1;
			remoteInfo = GoogleBlogsReader;
		};
/* End PBXContainerItemProxy section */

/* Begin PBXFileReference section */
		0D89EA02C9DB2E7F5AA7D0B6 /* Pods.release.xcconfig */ = {isa = PBXFileReference; includeInIndex = 1; lastKnownFileType = text.xcconfig; name = Pods.release.xcconfig; path = "Pods/Target Support Files/Pods/Pods.release.xcconfig"; sourceTree = "<group>"; };
		3A88FF2F1B183A07008D73C1 /* GoogleBlogsReader.app */ = {isa = PBXFileReference; explicitFileType = wrapper.application; includeInIndex = 0; path = GoogleBlogsReader.app; sourceTree = BUILT_PRODUCTS_DIR; };
		3A88FF331B183A07008D73C1 /* Info.plist */ = {isa = PBXFileReference; lastKnownFileType = text.plist.xml; path = Info.plist; sourceTree = "<group>"; };
		3A88FF341B183A07008D73C1 /* main.m */ = {isa = PBXFileReference; lastKnownFileType = sourcecode.c.objc; path = main.m; sourceTree = "<group>"; };
		3A88FF361B183A07008D73C1 /* AppDelegate.h */ = {isa = PBXFileReference; lastKnownFileType = sourcecode.c.h; path = AppDelegate.h; sourceTree = "<group>"; };
		3A88FF371B183A07008D73C1 /* AppDelegate.m */ = {isa = PBXFileReference; lastKnownFileType = sourcecode.c.objc; path = AppDelegate.m; sourceTree = "<group>"; };
		3A88FF3A1B183A07008D73C1 /* GoogleBlogsReader.xcdatamodel */ = {isa = PBXFileReference; lastKnownFileType = wrapper.xcdatamodel; path = GoogleBlogsReader.xcdatamodel; sourceTree = "<group>"; };
		3A88FF3C1B183A07008D73C1 /* MasterViewController.h */ = {isa = PBXFileReference; lastKnownFileType = sourcecode.c.h; path = MasterViewController.h; sourceTree = "<group>"; };
		3A88FF3D1B183A07008D73C1 /* MasterViewController.m */ = {isa = PBXFileReference; lastKnownFileType = sourcecode.c.objc; path = MasterViewController.m; sourceTree = "<group>"; };
		3A88FF3F1B183A07008D73C1 /* DetailViewController.h */ = {isa = PBXFileReference; lastKnownFileType = sourcecode.c.h; path = DetailViewController.h; sourceTree = "<group>"; };
		3A88FF401B183A07008D73C1 /* DetailViewController.m */ = {isa = PBXFileReference; lastKnownFileType = sourcecode.c.objc; path = DetailViewController.m; sourceTree = "<group>"; };
		3A88FF431B183A07008D73C1 /* Base */ = {isa = PBXFileReference; lastKnownFileType = file.storyboard; name = Base; path = Base.lproj/Main.storyboard; sourceTree = "<group>"; };
		3A88FF451B183A07008D73C1 /* Images.xcassets */ = {isa = PBXFileReference; lastKnownFileType = folder.assetcatalog; path = Images.xcassets; sourceTree = "<group>"; };
		3A88FF481B183A07008D73C1 /* Base */ = {isa = PBXFileReference; lastKnownFileType = file.xib; name = Base; path = Base.lproj/LaunchScreen.xib; sourceTree = "<group>"; };
		3A88FF4E1B183A07008D73C1 /* GoogleBlogsReaderTests.xctest */ = {isa = PBXFileReference; explicitFileType = wrapper.cfbundle; includeInIndex = 0; path = GoogleBlogsReaderTests.xctest; sourceTree = BUILT_PRODUCTS_DIR; };
		3A88FF531B183A07008D73C1 /* Info.plist */ = {isa = PBXFileReference; lastKnownFileType = text.plist.xml; path = Info.plist; sourceTree = "<group>"; };
		3A88FF5E1B183DBD008D73C1 /* NetworkManager.h */ = {isa = PBXFileReference; fileEncoding = 4; lastKnownFileType = sourcecode.c.h; path = NetworkManager.h; sourceTree = "<group>"; };
		3A88FF5F1B183DBD008D73C1 /* NetworkManager.m */ = {isa = PBXFileReference; fileEncoding = 4; lastKnownFileType = sourcecode.c.objc; path = NetworkManager.m; sourceTree = "<group>"; };
		3A88FF611B1841F1008D73C1 /* NetworkManagerTests.m */ = {isa = PBXFileReference; fileEncoding = 4; lastKnownFileType = sourcecode.c.objc; path = NetworkManagerTests.m; sourceTree = "<group>"; };
		A9DEAA182C494A302303CD81 /* libPods.a */ = {isa = PBXFileReference; explicitFileType = archive.ar; includeInIndex = 0; path = libPods.a; sourceTree = BUILT_PRODUCTS_DIR; };
		D35AEF1E44E0F295B0116C85 /* Pods.debug.xcconfig */ = {isa = PBXFileReference; includeInIndex = 1; lastKnownFileType = text.xcconfig; name = Pods.debug.xcconfig; path = "Pods/Target Support Files/Pods/Pods.debug.xcconfig"; sourceTree = "<group>"; };
/* End PBXFileReference section */

/* Begin PBXFrameworksBuildPhase section */
		3A88FF2C1B183A07008D73C1 /* Frameworks */ = {
			isa = PBXFrameworksBuildPhase;
			buildActionMask = 2147483647;
			files = (
				93EFAAE079029457CD4C4551 /* libPods.a in Frameworks */,
			);
			runOnlyForDeploymentPostprocessing = 0;
		};
		3A88FF4B1B183A07008D73C1 /* Frameworks */ = {
			isa = PBXFrameworksBuildPhase;
			buildActionMask = 2147483647;
			files = (
			);
			runOnlyForDeploymentPostprocessing = 0;
		};
/* End PBXFrameworksBuildPhase section */

/* Begin PBXGroup section */
		3A88FF261B183A07008D73C1 = {
			isa = PBXGroup;
			children = (
				3A88FF311B183A07008D73C1 /* GoogleBlogsReader */,
				3A88FF511B183A07008D73C1 /* GoogleBlogsReaderTests */,
				3A88FF301B183A07008D73C1 /* Products */,
				4FEB906AA41ED60DE14A9995 /* Pods */,
				F2961C25B4BFCBCFCB4615E7 /* Frameworks */,
			);
			sourceTree = "<group>";
		};
		3A88FF301B183A07008D73C1 /* Products */ = {
			isa = PBXGroup;
			children = (
				3A88FF2F1B183A07008D73C1 /* GoogleBlogsReader.app */,
				3A88FF4E1B183A07008D73C1 /* GoogleBlogsReaderTests.xctest */,
			);
			name = Products;
			sourceTree = "<group>";
		};
		3A88FF311B183A07008D73C1 /* GoogleBlogsReader */ = {
			isa = PBXGroup;
			children = (
				3A88FF361B183A07008D73C1 /* AppDelegate.h */,
				3A88FF371B183A07008D73C1 /* AppDelegate.m */,
				3A88FF5E1B183DBD008D73C1 /* NetworkManager.h */,
				3A88FF5F1B183DBD008D73C1 /* NetworkManager.m */,
				3A88FF3C1B183A07008D73C1 /* MasterViewController.h */,
				3A88FF3D1B183A07008D73C1 /* MasterViewController.m */,
				3A88FF3F1B183A07008D73C1 /* DetailViewController.h */,
				3A88FF401B183A07008D73C1 /* DetailViewController.m */,
				3A88FF421B183A07008D73C1 /* Main.storyboard */,
				3A88FF451B183A07008D73C1 /* Images.xcassets */,
				3A88FF471B183A07008D73C1 /* LaunchScreen.xib */,
				3A88FF391B183A07008D73C1 /* GoogleBlogsReader.xcdatamodeld */,
				3A88FF321B183A07008D73C1 /* Supporting Files */,
			);
			path = GoogleBlogsReader;
			sourceTree = "<group>";
		};
		3A88FF321B183A07008D73C1 /* Supporting Files */ = {
			isa = PBXGroup;
			children = (
				3A88FF331B183A07008D73C1 /* Info.plist */,
				3A88FF341B183A07008D73C1 /* main.m */,
			);
			name = "Supporting Files";
			sourceTree = "<group>";
		};
		3A88FF511B183A07008D73C1 /* GoogleBlogsReaderTests */ = {
			isa = PBXGroup;
			children = (
				3A88FF611B1841F1008D73C1 /* NetworkManagerTests.m */,
				3A88FF521B183A07008D73C1 /* Supporting Files */,
			);
			path = GoogleBlogsReaderTests;
			sourceTree = "<group>";
		};
		3A88FF521B183A07008D73C1 /* Supporting Files */ = {
			isa = PBXGroup;
			children = (
				3A88FF531B183A07008D73C1 /* Info.plist */,
			);
			name = "Supporting Files";
			sourceTree = "<group>";
		};
		4FEB906AA41ED60DE14A9995 /* Pods */ = {
			isa = PBXGroup;
			children = (
				D35AEF1E44E0F295B0116C85 /* Pods.debug.xcconfig */,
				0D89EA02C9DB2E7F5AA7D0B6 /* Pods.release.xcconfig */,
			);
			name = Pods;
			sourceTree = "<group>";
		};
		F2961C25B4BFCBCFCB4615E7 /* Frameworks */ = {
			isa = PBXGroup;
			children = (
				A9DEAA182C494A302303CD81 /* libPods.a */,
			);
			name = Frameworks;
			sourceTree = "<group>";
		};
/* End PBXGroup section */

/* Begin PBXNativeTarget section */
		3A88FF2E1B183A07008D73C1 /* GoogleBlogsReader */ = {
			isa = PBXNativeTarget;
			buildConfigurationList = 3A88FF581B183A07008D73C1 /* Build configuration list for PBXNativeTarget "GoogleBlogsReader" */;
			buildPhases = (
				EA883280B2FE4C70DE0E086B /* Check Pods Manifest.lock */,
				3A88FF2B1B183A07008D73C1 /* Sources */,
				3A88FF2C1B183A07008D73C1 /* Frameworks */,
				3A88FF2D1B183A07008D73C1 /* Resources */,
				0B94EE0B9A6B463742B7EE44 /* Copy Pods Resources */,
			);
			buildRules = (
			);
			dependencies = (
			);
			name = GoogleBlogsReader;
			productName = GoogleBlogsReader;
			productReference = 3A88FF2F1B183A07008D73C1 /* GoogleBlogsReader.app */;
			productType = "com.apple.product-type.application";
		};
		3A88FF4D1B183A07008D73C1 /* GoogleBlogsReaderTests */ = {
			isa = PBXNativeTarget;
			buildConfigurationList = 3A88FF5B1B183A07008D73C1 /* Build configuration list for PBXNativeTarget "GoogleBlogsReaderTests" */;
			buildPhases = (
				3A88FF4A1B183A07008D73C1 /* Sources */,
				3A88FF4B1B183A07008D73C1 /* Frameworks */,
				3A88FF4C1B183A07008D73C1 /* Resources */,
			);
			buildRules = (
			);
			dependencies = (
				3A88FF501B183A07008D73C1 /* PBXTargetDependency */,
			);
			name = GoogleBlogsReaderTests;
			productName = GoogleBlogsReaderTests;
			productReference = 3A88FF4E1B183A07008D73C1 /* GoogleBlogsReaderTests.xctest */;
			productType = "com.apple.product-type.bundle.unit-test";
		};
/* End PBXNativeTarget section */

/* Begin PBXProject section */
		3A88FF271B183A07008D73C1 /* Project object */ = {
			isa = PBXProject;
			attributes = {
				LastUpgradeCheck = 0630;
				ORGANIZATIONNAME = halolee;
				TargetAttributes = {
					3A88FF2E1B183A07008D73C1 = {
						CreatedOnToolsVersion = 6.3.2;
					};
					3A88FF4D1B183A07008D73C1 = {
						CreatedOnToolsVersion = 6.3.2;
						TestTargetID = 3A88FF2E1B183A07008D73C1;
					};
				};
			};
			buildConfigurationList = 3A88FF2A1B183A07008D73C1 /* Build configuration list for PBXProject "GoogleBlogsReader" */;
			compatibilityVersion = "Xcode 3.2";
			developmentRegion = English;
			hasScannedForEncodings = 0;
			knownRegions = (
				en,
				Base,
			);
			mainGroup = 3A88FF261B183A07008D73C1;
			productRefGroup = 3A88FF301B183A07008D73C1 /* Products */;
			projectDirPath = "";
			projectRoot = "";
			targets = (
				3A88FF2E1B183A07008D73C1 /* GoogleBlogsReader */,
				3A88FF4D1B183A07008D73C1 /* GoogleBlogsReaderTests */,
			);
		};
/* End PBXProject section */

/* Begin PBXResourcesBuildPhase section */
		3A88FF2D1B183A07008D73C1 /* Resources */ = {
			isa = PBXResourcesBuildPhase;
			buildActionMask = 2147483647;
			files = (
				3A88FF441B183A07008D73C1 /* Main.storyboard in Resources */,
				3A88FF491B183A07008D73C1 /* LaunchScreen.xib in Resources */,
				3A88FF461B183A07008D73C1 /* Images.xcassets in Resources */,
			);
			runOnlyForDeploymentPostprocessing = 0;
		};
		3A88FF4C1B183A07008D73C1 /* Resources */ = {
			isa = PBXResourcesBuildPhase;
			buildActionMask = 2147483647;
			files = (
			);
			runOnlyForDeploymentPostprocessing = 0;
		};
/* End PBXResourcesBuildPhase section */

/* Begin PBXShellScriptBuildPhase section */
		0B94EE0B9A6B463742B7EE44 /* Copy Pods Resources */ = {
			isa = PBXShellScriptBuildPhase;
			buildActionMask = 2147483647;
			files = (
			);
			inputPaths = (
			);
			name = "Copy Pods Resources";
			outputPaths = (
			);
			runOnlyForDeploymentPostprocessing = 0;
			shellPath = /bin/sh;
			shellScript = "\"${SRCROOT}/Pods/Target Support Files/Pods/Pods-resources.sh\"\n";
			showEnvVarsInLog = 0;
		};
		EA883280B2FE4C70DE0E086B /* Check Pods Manifest.lock */ = {
			isa = PBXShellScriptBuildPhase;
			buildActionMask = 2147483647;
			files = (
			);
			inputPaths = (
			);
			name = "Check Pods Manifest.lock";
			outputPaths = (
			);
			runOnlyForDeploymentPostprocessing = 0;
			shellPath = /bin/sh;
			shellScript = "diff \"${PODS_ROOT}/../Podfile.lock\" \"${PODS_ROOT}/Manifest.lock\" > /dev/null\nif [[ $? != 0 ]] ; then\n    cat << EOM\nerror: The sandbox is not in sync with the Podfile.lock. Run 'pod install' or update your CocoaPods installation.\nEOM\n    exit 1\nfi\n";
			showEnvVarsInLog = 0;
		};
/* End PBXShellScriptBuildPhase section */

/* Begin PBXSourcesBuildPhase section */
		3A88FF2B1B183A07008D73C1 /* Sources */ = {
			isa = PBXSourcesBuildPhase;
			buildActionMask = 2147483647;
			files = (
				3A88FF411B183A07008D73C1 /* DetailViewController.m in Sources */,
				3A88FF3E1B183A07008D73C1 /* MasterViewController.m in Sources */,
				3A88FF381B183A07008D73C1 /* AppDelegate.m in Sources */,
				3A88FF351B183A07008D73C1 /* main.m in Sources */,
				3A88FF601B183DBD008D73C1 /* NetworkManager.m in Sources */,
				3A88FF3B1B183A07008D73C1 /* GoogleBlogsReader.xcdatamodeld in Sources */,
			);
			runOnlyForDeploymentPostprocessing = 0;
		};
		3A88FF4A1B183A07008D73C1 /* Sources */ = {
			isa = PBXSourcesBuildPhase;
			buildActionMask = 2147483647;
			files = (
				3A88FF621B1841F1008D73C1 /* NetworkManagerTests.m in Sources */,
			);
			runOnlyForDeploymentPostprocessing = 0;
		};
/* End PBXSourcesBuildPhase section */

/* Begin PBXTargetDependency section */
		3A88FF501B183A07008D73C1 /* PBXTargetDependency */ = {
			isa = PBXTargetDependency;
			target = 3A88FF2E1B183A07008D73C1 /* GoogleBlogsReader */;
			targetProxy = 3A88FF4F1B183A07008D73C1 /* PBXContainerItemProxy */;
		};
/* End PBXTargetDependency section */

/* Begin PBXVariantGroup section */
		3A88FF421B183A07008D73C1 /* Main.storyboard */ = {
			isa = PBXVariantGroup;
			children = (
				3A88FF431B183A07008D73C1 /* Base */,
			);
			name = Main.storyboard;
			sourceTree = "<group>";
		};
		3A88FF471B183A07008D73C1 /* LaunchScreen.xib */ = {
			isa = PBXVariantGroup;
			children = (
				3A88FF481B183A07008D73C1 /* Base */,
			);
			name = LaunchScreen.xib;
			sourceTree = "<group>";
		};
/* End PBXVariantGroup section */

/* Begin XCBuildConfiguration section */
		3A88FF561B183A07008D73C1 /* Debug */ = {
			isa = XCBuildConfiguration;
			buildSettings = {
				ALWAYS_SEARCH_USER_PATHS = NO;
				CLANG_CXX_LANGUAGE_STANDARD = "gnu++0x";
				CLANG_CXX_LIBRARY = "libc++";
				CLANG_ENABLE_MODULES = YES;
				CLANG_ENABLE_OBJC_ARC = YES;
				CLANG_WARN_BOOL_CONVERSION = YES;
				CLANG_WARN_CONSTANT_CONVERSION = YES;
				CLANG_WARN_DIRECT_OBJC_ISA_USAGE = YES_ERROR;
				CLANG_WARN_EMPTY_BODY = YES;
				CLANG_WARN_ENUM_CONVERSION = YES;
				CLANG_WARN_INT_CONVERSION = YES;
				CLANG_WARN_OBJC_ROOT_CLASS = YES_ERROR;
				CLANG_WARN_UNREACHABLE_CODE = YES;
				CLANG_WARN__DUPLICATE_METHOD_MATCH = YES;
				"CODE_SIGN_IDENTITY[sdk=iphoneos*]" = "iPhone Developer";
				COPY_PHASE_STRIP = NO;
				DEBUG_INFORMATION_FORMAT = "dwarf-with-dsym";
				ENABLE_STRICT_OBJC_MSGSEND = YES;
				GCC_C_LANGUAGE_STANDARD = gnu99;
				GCC_DYNAMIC_NO_PIC = NO;
				GCC_NO_COMMON_BLOCKS = YES;
				GCC_OPTIMIZATION_LEVEL = 0;
				GCC_PREPROCESSOR_DEFINITIONS = (
					"DEBUG=1",
					"$(inherited)",
				);
				GCC_SYMBOLS_PRIVATE_EXTERN = NO;
				GCC_WARN_64_TO_32_BIT_CONVERSION = YES;
				GCC_WARN_ABOUT_RETURN_TYPE = YES_ERROR;
				GCC_WARN_UNDECLARED_SELECTOR = YES;
				GCC_WARN_UNINITIALIZED_AUTOS = YES_AGGRESSIVE;
				GCC_WARN_UNUSED_FUNCTION = YES;
				GCC_WARN_UNUSED_VARIABLE = YES;
				IPHONEOS_DEPLOYMENT_TARGET = 8.3;
				MTL_ENABLE_DEBUG_INFO = YES;
				ONLY_ACTIVE_ARCH = YES;
				SDKROOT = iphoneos;
			};
			name = Debug;
		};
		3A88FF571B183A07008D73C1 /* Release */ = {
			isa = XCBuildConfiguration;
			buildSettings = {
				ALWAYS_SEARCH_USER_PATHS = NO;
				CLANG_CXX_LANGUAGE_STANDARD = "gnu++0x";
				CLANG_CXX_LIBRARY = "libc++";
				CLANG_ENABLE_MODULES = YES;
				CLANG_ENABLE_OBJC_ARC = YES;
				CLANG_WARN_BOOL_CONVERSION = YES;
				CLANG_WARN_CONSTANT_CONVERSION = YES;
				CLANG_WARN_DIRECT_OBJC_ISA_USAGE = YES_ERROR;
				CLANG_WARN_EMPTY_BODY = YES;
				CLANG_WARN_ENUM_CONVERSION = YES;
				CLANG_WARN_INT_CONVERSION = YES;
				CLANG_WARN_OBJC_ROOT_CLASS = YES_ERROR;
				CLANG_WARN_UNREACHABLE_CODE = YES;
				CLANG_WARN__DUPLICATE_METHOD_MATCH = YES;
				"CODE_SIGN_IDENTITY[sdk=iphoneos*]" = "iPhone Developer";
				COPY_PHASE_STRIP = NO;
				DEBUG_INFORMATION_FORMAT = "dwarf-with-dsym";
				ENABLE_NS_ASSERTIONS = NO;
				ENABLE_STRICT_OBJC_MSGSEND = YES;
				GCC_C_LANGUAGE_STANDARD = gnu99;
				GCC_NO_COMMON_BLOCKS = YES;
				GCC_WARN_64_TO_32_BIT_CONVERSION = YES;
				GCC_WARN_ABOUT_RETURN_TYPE = YES_ERROR;
				GCC_WARN_UNDECLARED_SELECTOR = YES;
				GCC_WARN_UNINITIALIZED_AUTOS = YES_AGGRESSIVE;
				GCC_WARN_UNUSED_FUNCTION = YES;
				GCC_WARN_UNUSED_VARIABLE = YES;
				IPHONEOS_DEPLOYMENT_TARGET = 8.3;
				MTL_ENABLE_DEBUG_INFO = NO;
				SDKROOT = iphoneos;
				VALIDATE_PRODUCT = YES;
			};
			name = Release;
		};
		3A88FF591B183A07008D73C1 /* Debug */ = {
			isa = XCBuildConfiguration;
			baseConfigurationReference = D35AEF1E44E0F295B0116C85 /* Pods.debug.xcconfig */;
			buildSettings = {
				ASSETCATALOG_COMPILER_APPICON_NAME = AppIcon;
				INFOPLIST_FILE = GoogleBlogsReader/Info.plist;
				LD_RUNPATH_SEARCH_PATHS = "$(inherited) @executable_path/Frameworks";
				PRODUCT_NAME = "$(TARGET_NAME)";
			};
			name = Debug;
		};
		3A88FF5A1B183A07008D73C1 /* Release */ = {
			isa = XCBuildConfiguration;
			baseConfigurationReference = 0D89EA02C9DB2E7F5AA7D0B6 /* Pods.release.xcconfig */;
			buildSettings = {
				ASSETCATALOG_COMPILER_APPICON_NAME = AppIcon;
				INFOPLIST_FILE = GoogleBlogsReader/Info.plist;
				LD_RUNPATH_SEARCH_PATHS = "$(inherited) @executable_path/Frameworks";
				PRODUCT_NAME = "$(TARGET_NAME)";
			};
			name = Release;
		};
		3A88FF5C1B183A07008D73C1 /* Debug */ = {
			isa = XCBuildConfiguration;
			baseConfigurationReference = D35AEF1E44E0F295B0116C85 /* Pods.debug.xcconfig */;
			buildSettings = {
				BUNDLE_LOADER = "$(TEST_HOST)";
				FRAMEWORK_SEARCH_PATHS = (
					"$(SDKROOT)/Developer/Library/Frameworks",
					"$(inherited)",
				);
				GCC_PREPROCESSOR_DEFINITIONS = (
					"DEBUG=1",
					"$(inherited)",
				);
				INFOPLIST_FILE = GoogleBlogsReaderTests/Info.plist;
				LD_RUNPATH_SEARCH_PATHS = "$(inherited) @executable_path/Frameworks @loader_path/Frameworks";
				PRODUCT_NAME = "$(TARGET_NAME)";
				TEST_HOST = "$(BUILT_PRODUCTS_DIR)/GoogleBlogsReader.app/GoogleBlogsReader";
			};
			name = Debug;
		};
		3A88FF5D1B183A07008D73C1 /* Release */ = {
			isa = XCBuildConfiguration;
			baseConfigurationReference = 0D89EA02C9DB2E7F5AA7D0B6 /* Pods.release.xcconfig */;
			buildSettings = {
				BUNDLE_LOADER = "$(TEST_HOST)";
				FRAMEWORK_SEARCH_PATHS = (
					"$(SDKROOT)/Developer/Library/Frameworks",
					"$(inherited)",
				);
				INFOPLIST_FILE = GoogleBlogsReaderTests/Info.plist;
				LD_RUNPATH_SEARCH_PATHS = "$(inherited) @executable_path/Frameworks @loader_path/Frameworks";
				PRODUCT_NAME = "$(TARGET_NAME)";
				TEST_HOST = "$(BUILT_PRODUCTS_DIR)/GoogleBlogsReader.app/GoogleBlogsReader";
			};
			name = Release;
		};
/* End XCBuildConfiguration section */

/* Begin XCConfigurationList section */
		3A88FF2A1B183A07008D73C1 /* Build configuration list for PBXProject "GoogleBlogsReader" */ = {
			isa = XCConfigurationList;
			buildConfigurations = (
				3A88FF561B183A07008D73C1 /* Debug */,
				3A88FF571B183A07008D73C1 /* Release */,
			);
			defaultConfigurationIsVisible = 0;
			defaultConfigurationName = Release;
		};
		3A88FF581B183A07008D73C1 /* Build configuration list for PBXNativeTarget "GoogleBlogsReader" */ = {
			isa = XCConfigurationList;
			buildConfigurations = (
				3A88FF591B183A07008D73C1 /* Debug */,
				3A88FF5A1B183A07008D73C1 /* Release */,
			);
			defaultConfigurationIsVisible = 0;
			defaultConfigurationName = Release;
		};
		3A88FF5B1B183A07008D73C1 /* Build configuration list for PBXNativeTarget "GoogleBlogsReaderTests" */ = {
			isa = XCConfigurationList;
			buildConfigurations = (
				3A88FF5C1B183A07008D73C1 /* Debug */,
				3A88FF5D1B183A07008D73C1 /* Release */,
			);
			defaultConfigurationIsVisible = 0;
			defaultConfigurationName = Release;
		};
/* End XCConfigurationList section */

/* Begin XCVersionGroup section */
		3A88FF391B183A07008D73C1 /* GoogleBlogsReader.xcdatamodeld */ = {
			isa = XCVersionGroup;
			children = (
				3A88FF3A1B183A07008D73C1 /* GoogleBlogsReader.xcdatamodel */,
			);
			currentVersion = 3A88FF3A1B183A07008D73C1 /* GoogleBlogsReader.xcdatamodel */;
			path = GoogleBlogsReader.xcdatamodeld;
			sourceTree = "<group>";
			versionGroupType = wrapper.xcdatamodel;
		};
/* End XCVersionGroup section */
	};
	rootObject = 3A88FF271B183A07008D73C1 /* Project object */;
}
